// !$*UTF8*$!
{
	archiveVersion = 1;
	classes = {
	};
	objectVersion = 46;
	objects = {

/* Begin PBXBuildFile section */
		37F7EBDC1F416C8200E09ABE /* AppDelegate.swift in Sources */ = {isa = PBXBuildFile; fileRef = 37F7EBDB1F416C8200E09ABE /* AppDelegate.swift */; };
		37F7EBDE1F416C8200E09ABE /* TipViewController.swift in Sources */ = {isa = PBXBuildFile; fileRef = 37F7EBDD1F416C8200E09ABE /* TipViewController.swift */; };
		37F7EBE11F416C8200E09ABE /* Main.storyboard in Resources */ = {isa = PBXBuildFile; fileRef = 37F7EBDF1F416C8200E09ABE /* Main.storyboard */; };
		37F7EBE31F416C8200E09ABE /* Assets.xcassets in Resources */ = {isa = PBXBuildFile; fileRef = 37F7EBE21F416C8200E09ABE /* Assets.xcassets */; };
		37F7EBE61F416C8200E09ABE /* LaunchScreen.storyboard in Resources */ = {isa = PBXBuildFile; fileRef = 37F7EBE41F416C8200E09ABE /* LaunchScreen.storyboard */; };
		37F7EBF11F416C8200E09ABE /* tipperTests.swift in Sources */ = {isa = PBXBuildFile; fileRef = 37F7EBF01F416C8200E09ABE /* tipperTests.swift */; };
		37F7EBFC1F416C8200E09ABE /* tipperUITests.swift in Sources */ = {isa = PBXBuildFile; fileRef = 37F7EBFB1F416C8200E09ABE /* tipperUITests.swift */; };
		37F7EC161F418DE400E09ABE /* SettingsViewController.swift in Sources */ = {isa = PBXBuildFile; fileRef = 37F7EC151F418DE400E09ABE /* SettingsViewController.swift */; };
/* End PBXBuildFile section */

/* Begin PBXContainerItemProxy section */
		37F7EBED1F416C8200E09ABE /* PBXContainerItemProxy */ = {
			isa = PBXContainerItemProxy;
			containerPortal = 37F7EBD01F416C8200E09ABE /* Project object */;
			proxyType = 1;
			remoteGlobalIDString = 37F7EBD71F416C8200E09ABE;
			remoteInfo = tipper;
		};
		37F7EBF81F416C8200E09ABE /* PBXContainerItemProxy */ = {
			isa = PBXContainerItemProxy;
			containerPortal = 37F7EBD01F416C8200E09ABE /* Project object */;
			proxyType = 1;
			remoteGlobalIDString = 37F7EBD71F416C8200E09ABE;
			remoteInfo = tipper;
		};
/* End PBXContainerItemProxy section */

/* Begin PBXFileReference section */
		37F7EBD81F416C8200E09ABE /* tipper.app */ = {isa = PBXFileReference; explicitFileType = wrapper.application; includeInIndex = 0; path = tipper.app; sourceTree = BUILT_PRODUCTS_DIR; };
		37F7EBDB1F416C8200E09ABE /* AppDelegate.swift */ = {isa = PBXFileReference; lastKnownFileType = sourcecode.swift; path = AppDelegate.swift; sourceTree = "<group>"; };
		37F7EBDD1F416C8200E09ABE /* TipViewController.swift */ = {isa = PBXFileReference; lastKnownFileType = sourcecode.swift; path = TipViewController.swift; sourceTree = "<group>"; };
		37F7EBE01F416C8200E09ABE /* Base */ = {isa = PBXFileReference; lastKnownFileType = file.storyboard; name = Base; path = Base.lproj/Main.storyboard; sourceTree = "<group>"; };
		37F7EBE21F416C8200E09ABE /* Assets.xcassets */ = {isa = PBXFileReference; lastKnownFileType = folder.assetcatalog; path = Assets.xcassets; sourceTree = "<group>"; };
		37F7EBE51F416C8200E09ABE /* Base */ = {isa = PBXFileReference; lastKnownFileType = file.storyboard; name = Base; path = Base.lproj/LaunchScreen.storyboard; sourceTree = "<group>"; };
		37F7EBE71F416C8200E09ABE /* Info.plist */ = {isa = PBXFileReference; lastKnownFileType = text.plist.xml; path = Info.plist; sourceTree = "<group>"; };
		37F7EBEC1F416C8200E09ABE /* tipperTests.xctest */ = {isa = PBXFileReference; explicitFileType = wrapper.cfbundle; includeInIndex = 0; path = tipperTests.xctest; sourceTree = BUILT_PRODUCTS_DIR; };
		37F7EBF01F416C8200E09ABE /* tipperTests.swift */ = {isa = PBXFileReference; lastKnownFileType = sourcecode.swift; path = tipperTests.swift; sourceTree = "<group>"; };
		37F7EBF21F416C8200E09ABE /* Info.plist */ = {isa = PBXFileReference; lastKnownFileType = text.plist.xml; path = Info.plist; sourceTree = "<group>"; };
		37F7EBF71F416C8200E09ABE /* tipperUITests.xctest */ = {isa = PBXFileReference; explicitFileType = wrapper.cfbundle; includeInIndex = 0; path = tipperUITests.xctest; sourceTree = BUILT_PRODUCTS_DIR; };
		37F7EBFB1F416C8200E09ABE /* tipperUITests.swift */ = {isa = PBXFileReference; lastKnownFileType = sourcecode.swift; path = tipperUITests.swift; sourceTree = "<group>"; };
		37F7EBFD1F416C8200E09ABE /* Info.plist */ = {isa = PBXFileReference; lastKnownFileType = text.plist.xml; path = Info.plist; sourceTree = "<group>"; };
		37F7EC151F418DE400E09ABE /* SettingsViewController.swift */ = {isa = PBXFileReference; fileEncoding = 4; lastKnownFileType = sourcecode.swift; path = SettingsViewController.swift; sourceTree = "<group>"; };
/* End PBXFileReference section */

/* Begin PBXFrameworksBuildPhase section */
		37F7EBD51F416C8200E09ABE /* Frameworks */ = {
			isa = PBXFrameworksBuildPhase;
			buildActionMask = 2147483647;
			files = (
			);
			runOnlyForDeploymentPostprocessing = 0;
		};
		37F7EBE91F416C8200E09ABE /* Frameworks */ = {
			isa = PBXFrameworksBuildPhase;
			buildActionMask = 2147483647;
			files = (
			);
			runOnlyForDeploymentPostprocessing = 0;
		};
		37F7EBF41F416C8200E09ABE /* Frameworks */ = {
			isa = PBXFrameworksBuildPhase;
			buildActionMask = 2147483647;
			files = (
			);
			runOnlyForDeploymentPostprocessing = 0;
		};
/* End PBXFrameworksBuildPhase section */

/* Begin PBXGroup section */
		37F7EBCF1F416C8200E09ABE = {
			isa = PBXGroup;
			children = (
				37F7EC151F418DE400E09ABE /* SettingsViewController.swift */,
				37F7EBDA1F416C8200E09ABE /* tipper */,
				37F7EBEF1F416C8200E09ABE /* tipperTests */,
				37F7EBFA1F416C8200E09ABE /* tipperUITests */,
				37F7EBD91F416C8200E09ABE /* Products */,
			);
			sourceTree = "<group>";
		};
		37F7EBD91F416C8200E09ABE /* Products */ = {
			isa = PBXGroup;
			children = (
				37F7EBD81F416C8200E09ABE /* tipper.app */,
				37F7EBEC1F416C8200E09ABE /* tipperTests.xctest */,
				37F7EBF71F416C8200E09ABE /* tipperUITests.xctest */,
			);
			name = Products;
			sourceTree = "<group>";
		};
		37F7EBDA1F416C8200E09ABE /* tipper */ = {
			isa = PBXGroup;
			children = (
				37F7EBDD1F416C8200E09ABE /* TipViewController.swift */,
				37F7EBDB1F416C8200E09ABE /* AppDelegate.swift */,
				37F7EBDF1F416C8200E09ABE /* Main.storyboard */,
				37F7EBE21F416C8200E09ABE /* Assets.xcassets */,
				37F7EBE41F416C8200E09ABE /* LaunchScreen.storyboard */,
				37F7EBE71F416C8200E09ABE /* Info.plist */,
			);
			path = tipper;
			sourceTree = "<group>";
		};
		37F7EBEF1F416C8200E09ABE /* tipperTests */ = {
			isa = PBXGroup;
			children = (
				37F7EBF01F416C8200E09ABE /* tipperTests.swift */,
				37F7EBF21F416C8200E09ABE /* Info.plist */,
			);
			path = tipperTests;
			sourceTree = "<group>";
		};
		37F7EBFA1F416C8200E09ABE /* tipperUITests */ = {
			isa = PBXGroup;
			children = (
				37F7EBFB1F416C8200E09ABE /* tipperUITests.swift */,
				37F7EBFD1F416C8200E09ABE /* Info.plist */,
			);
			path = tipperUITests;
			sourceTree = "<group>";
		};
/* End PBXGroup section */

/* Begin PBXNativeTarget section */
		37F7EBD71F416C8200E09ABE /* tipper */ = {
			isa = PBXNativeTarget;
			buildConfigurationList = 37F7EC001F416C8200E09ABE /* Build configuration list for PBXNativeTarget "tipper" */;
			buildPhases = (
				37F7EBD41F416C8200E09ABE /* Sources */,
				37F7EBD51F416C8200E09ABE /* Frameworks */,
				37F7EBD61F416C8200E09ABE /* Resources */,
			);
			buildRules = (
			);
			dependencies = (
			);
			name = tipper;
			productName = tipper;
			productReference = 37F7EBD81F416C8200E09ABE /* tipper.app */;
			productType = "com.apple.product-type.application";
		};
		37F7EBEB1F416C8200E09ABE /* tipperTests */ = {
			isa = PBXNativeTarget;
			buildConfigurationList = 37F7EC031F416C8200E09ABE /* Build configuration list for PBXNativeTarget "tipperTests" */;
			buildPhases = (
				37F7EBE81F416C8200E09ABE /* Sources */,
				37F7EBE91F416C8200E09ABE /* Frameworks */,
				37F7EBEA1F416C8200E09ABE /* Resources */,
			);
			buildRules = (
			);
			dependencies = (
				37F7EBEE1F416C8200E09ABE /* PBXTargetDependency */,
			);
			name = tipperTests;
			productName = tipperTests;
			productReference = 37F7EBEC1F416C8200E09ABE /* tipperTests.xctest */;
			productType = "com.apple.product-type.bundle.unit-test";
		};
		37F7EBF61F416C8200E09ABE /* tipperUITests */ = {
			isa = PBXNativeTarget;
			buildConfigurationList = 37F7EC061F416C8200E09ABE /* Build configuration list for PBXNativeTarget "tipperUITests" */;
			buildPhases = (
				37F7EBF31F416C8200E09ABE /* Sources */,
				37F7EBF41F416C8200E09ABE /* Frameworks */,
				37F7EBF51F416C8200E09ABE /* Resources */,
			);
			buildRules = (
			);
			dependencies = (
				37F7EBF91F416C8200E09ABE /* PBXTargetDependency */,
			);
			name = tipperUITests;
			productName = tipperUITests;
			productReference = 37F7EBF71F416C8200E09ABE /* tipperUITests.xctest */;
			productType = "com.apple.product-type.bundle.ui-testing";
		};
/* End PBXNativeTarget section */

/* Begin PBXProject section */
		37F7EBD01F416C8200E09ABE /* Project object */ = {
			isa = PBXProject;
			attributes = {
				LastSwiftUpdateCheck = 0830;
				LastUpgradeCheck = 0830;
				ORGANIZATIONNAME = "Paul Sokolik";
				TargetAttributes = {
					37F7EBD71F416C8200E09ABE = {
						CreatedOnToolsVersion = 8.3.3;
						ProvisioningStyle = Automatic;
					};
					37F7EBEB1F416C8200E09ABE = {
						CreatedOnToolsVersion = 8.3.3;
						ProvisioningStyle = Automatic;
						TestTargetID = 37F7EBD71F416C8200E09ABE;
					};
					37F7EBF61F416C8200E09ABE = {
						CreatedOnToolsVersion = 8.3.3;
						ProvisioningStyle = Automatic;
						TestTargetID = 37F7EBD71F416C8200E09ABE;
					};
				};
			};
			buildConfigurationList = 37F7EBD31F416C8200E09ABE /* Build configuration list for PBXProject "tipper" */;
			compatibilityVersion = "Xcode 3.2";
			developmentRegion = English;
			hasScannedForEncodings = 0;
			knownRegions = (
				en,
				Base,
			);
			mainGroup = 37F7EBCF1F416C8200E09ABE;
			productRefGroup = 37F7EBD91F416C8200E09ABE /* Products */;
			projectDirPath = "";
			projectRoot = "";
			targets = (
				37F7EBD71F416C8200E09ABE /* tipper */,
				37F7EBEB1F416C8200E09ABE /* tipperTests */,
				37F7EBF61F416C8200E09ABE /* tipperUITests */,
			);
		};
/* End PBXProject section */

/* Begin PBXResourcesBuildPhase section */
		37F7EBD61F416C8200E09ABE /* Resources */ = {
			isa = PBXResourcesBuildPhase;
			buildActionMask = 2147483647;
			files = (
				37F7EBE61F416C8200E09ABE /* LaunchScreen.storyboard in Resources */,
				37F7EBE31F416C8200E09ABE /* Assets.xcassets in Resources */,
				37F7EBE11F416C8200E09ABE /* Main.storyboard in Resources */,
			);
			runOnlyForDeploymentPostprocessing = 0;
		};
		37F7EBEA1F416C8200E09ABE /* Resources */ = {
			isa = PBXResourcesBuildPhase;
			buildActionMask = 2147483647;
			files = (
			);
			runOnlyForDeploymentPostprocessing = 0;
		};
		37F7EBF51F416C8200E09ABE /* Resources */ = {
			isa = PBXResourcesBuildPhase;
			buildActionMask = 2147483647;
			files = (
			);
			runOnlyForDeploymentPostprocessing = 0;
		};
/* End PBXResourcesBuildPhase section */

/* Begin PBXSourcesBuildPhase section */
		37F7EBD41F416C8200E09ABE /* Sources */ = {
			isa = PBXSourcesBuildPhase;
			buildActionMask = 2147483647;
			files = (
				37F7EBDE1F416C8200E09ABE /* TipViewController.swift in Sources */,
				37F7EBDC1F416C8200E09ABE /* AppDelegate.swift in Sources */,
				37F7EC161F418DE400E09ABE /* SettingsViewController.swift in Sources */,
			);
			runOnlyForDeploymentPostprocessing = 0;
		};
		37F7EBE81F416C8200E09ABE /* Sources */ = {
			isa = PBXSourcesBuildPhase;
			buildActionMask = 2147483647;
			files = (
				37F7EBF11F416C8200E09ABE /* tipperTests.swift in Sources */,
			);
			runOnlyForDeploymentPostprocessing = 0;
		};
		37F7EBF31F416C8200E09ABE /* Sources */ = {
			isa = PBXSourcesBuildPhase;
			buildActionMask = 2147483647;
			files = (
				37F7EBFC1F416C8200E09ABE /* tipperUITests.swift in Sources */,
			);
			runOnlyForDeploymentPostprocessing = 0;
		};
/* End PBXSourcesBuildPhase section */

/* Begin PBXTargetDependency section */
		37F7EBEE1F416C8200E09ABE /* PBXTargetDependency */ = {
			isa = PBXTargetDependency;
			target = 37F7EBD71F416C8200E09ABE /* tipper */;
			targetProxy = 37F7EBED1F416C8200E09ABE /* PBXContainerItemProxy */;
		};
		37F7EBF91F416C8200E09ABE /* PBXTargetDependency */ = {
			isa = PBXTargetDependency;
			target = 37F7EBD71F416C8200E09ABE /* tipper */;
			targetProxy = 37F7EBF81F416C8200E09ABE /* PBXContainerItemProxy */;
		};
/* End PBXTargetDependency section */

/* Begin PBXVariantGroup section */
		37F7EBDF1F416C8200E09ABE /* Main.storyboard */ = {
			isa = PBXVariantGroup;
			children = (
				37F7EBE01F416C8200E09ABE /* Base */,
			);
			name = Main.storyboard;
			sourceTree = "<group>";
		};
		37F7EBE41F416C8200E09ABE /* LaunchScreen.storyboard */ = {
			isa = PBXVariantGroup;
			children = (
				37F7EBE51F416C8200E09ABE /* Base */,
			);
			name = LaunchScreen.storyboard;
			sourceTree = "<group>";
		};
/* End PBXVariantGroup section */

/* Begin XCBuildConfiguration section */
		37F7EBFE1F416C8200E09ABE /* Debug */ = {
			isa = XCBuildConfiguration;
			buildSettings = {
				ALWAYS_SEARCH_USER_PATHS = NO;
				CLANG_ANALYZER_NONNULL = YES;
				CLANG_ANALYZER_NUMBER_OBJECT_CONVERSION = YES_AGGRESSIVE;
				CLANG_CXX_LANGUAGE_STANDARD = "gnu++0x";
				CLANG_CXX_LIBRARY = "libc++";
				CLANG_ENABLE_MODULES = YES;
				CLANG_ENABLE_OBJC_ARC = YES;
				CLANG_WARN_BOOL_CONVERSION = YES;
				CLANG_WARN_CONSTANT_CONVERSION = YES;
				CLANG_WARN_DIRECT_OBJC_ISA_USAGE = YES_ERROR;
				CLANG_WARN_DOCUMENTATION_COMMENTS = YES;
				CLANG_WARN_EMPTY_BODY = YES;
				CLANG_WARN_ENUM_CONVERSION = YES;
				CLANG_WARN_INFINITE_RECURSION = YES;
				CLANG_WARN_INT_CONVERSION = YES;
				CLANG_WARN_OBJC_ROOT_CLASS = YES_ERROR;
				CLANG_WARN_SUSPICIOUS_MOVE = YES;
				CLANG_WARN_UNREACHABLE_CODE = YES;
				CLANG_WARN__DUPLICATE_METHOD_MATCH = YES;
				"CODE_SIGN_IDENTITY[sdk=iphoneos*]" = "iPhone Developer";
				COPY_PHASE_STRIP = NO;
				DEBUG_INFORMATION_FORMAT = dwarf;
				ENABLE_STRICT_OBJC_MSGSEND = YES;
				ENABLE_TESTABILITY = YES;
				GCC_C_LANGUAGE_STANDARD = gnu99;
				GCC_DYNAMIC_NO_PIC = NO;
				GCC_NO_COMMON_BLOCKS = YES;
				GCC_OPTIMIZATION_LEVEL = 0;
				GCC_PREPROCESSOR_DEFINITIONS = (
					"DEBUG=1",
					"$(inherited)",
				);
				GCC_WARN_64_TO_32_BIT_CONVERSION = YES;
				GCC_WARN_ABOUT_RETURN_TYPE = YES_ERROR;
				GCC_WARN_UNDECLARED_SELECTOR = YES;
				GCC_WARN_UNINITIALIZED_AUTOS = YES_AGGRESSIVE;
				GCC_WARN_UNUSED_FUNCTION = YES;
				GCC_WARN_UNUSED_VARIABLE = YES;
				IPHONEOS_DEPLOYMENT_TARGET = 10.3;
				MTL_ENABLE_DEBUG_INFO = YES;
				ONLY_ACTIVE_ARCH = YES;
				SDKROOT = iphoneos;
				SWIFT_ACTIVE_COMPILATION_CONDITIONS = DEBUG;
				SWIFT_OPTIMIZATION_LEVEL = "-Onone";
				TARGETED_DEVICE_FAMILY = "1,2";
			};
			name = Debug;
		};
		37F7EBFF1F416C8200E09ABE /* Release */ = {
			isa = XCBuildConfiguration;
			buildSettings = {
				ALWAYS_SEARCH_USER_PATHS = NO;
				CLANG_ANALYZER_NONNULL = YES;
				CLANG_ANALYZER_NUMBER_OBJECT_CONVERSION = YES_AGGRESSIVE;
				CLANG_CXX_LANGUAGE_STANDARD = "gnu++0x";
				CLANG_CXX_LIBRARY = "libc++";
				CLANG_ENABLE_MODULES = YES;
				CLANG_ENABLE_OBJC_ARC = YES;
				CLANG_WARN_BOOL_CONVERSION = YES;
				CLANG_WARN_CONSTANT_CONVERSION = YES;
				CLANG_WARN_DIRECT_OBJC_ISA_USAGE = YES_ERROR;
				CLANG_WARN_DOCUMENTATION_COMMENTS = YES;
				CLANG_WARN_EMPTY_BODY = YES;
				CLANG_WARN_ENUM_CONVERSION = YES;
				CLANG_WARN_INFINITE_RECURSION = YES;
				CLANG_WARN_INT_CONVERSION = YES;
				CLANG_WARN_OBJC_ROOT_CLASS = YES_ERROR;
				CLANG_WARN_SUSPICIOUS_MOVE = YES;
				CLANG_WARN_UNREACHABLE_CODE = YES;
				CLANG_WARN__DUPLICATE_METHOD_MATCH = YES;
				"CODE_SIGN_IDENTITY[sdk=iphoneos*]" = "iPhone Developer";
				COPY_PHASE_STRIP = NO;
				DEBUG_INFORMATION_FORMAT = "dwarf-with-dsym";
				ENABLE_NS_ASSERTIONS = NO;
				ENABLE_STRICT_OBJC_MSGSEND = YES;
				GCC_C_LANGUAGE_STANDARD = gnu99;
				GCC_NO_COMMON_BLOCKS = YES;
				GCC_WARN_64_TO_32_BIT_CONVERSION = YES;
				GCC_WARN_ABOUT_RETURN_TYPE = YES_ERROR;
				GCC_WARN_UNDECLARED_SELECTOR = YES;
				GCC_WARN_UNINITIALIZED_AUTOS = YES_AGGRESSIVE;
				GCC_WARN_UNUSED_FUNCTION = YES;
				GCC_WARN_UNUSED_VARIABLE = YES;
				IPHONEOS_DEPLOYMENT_TARGET = 10.3;
				MTL_ENABLE_DEBUG_INFO = NO;
				SDKROOT = iphoneos;
				SWIFT_OPTIMIZATION_LEVEL = "-Owholemodule";
				TARGETED_DEVICE_FAMILY = "1,2";
				VALIDATE_PRODUCT = YES;
			};
			name = Release;
		};
		37F7EC011F416C8200E09ABE /* Debug */ = {
			isa = XCBuildConfiguration;
			buildSettings = {
				ASSETCATALOG_COMPILER_APPICON_NAME = AppIcon;
				INFOPLIST_FILE = tipper/Info.plist;
				LD_RUNPATH_SEARCH_PATHS = "$(inherited) @executable_path/Frameworks";
				PRODUCT_BUNDLE_IDENTIFIER = "Paul-Sokolik.tipper";
				PRODUCT_NAME = "$(TARGET_NAME)";
				SWIFT_VERSION = 3.0;
			};
			name = Debug;
		};
		37F7EC021F416C8200E09ABE /* Release */ = {
			isa = XCBuildConfiguration;
			buildSettings = {
				ASSETCATALOG_COMPILER_APPICON_NAME = AppIcon;
				INFOPLIST_FILE = tipper/Info.plist;
				LD_RUNPATH_SEARCH_PATHS = "$(inherited) @executable_path/Frameworks";
				PRODUCT_BUNDLE_IDENTIFIER = "Paul-Sokolik.tipper";
				PRODUCT_NAME = "$(TARGET_NAME)";
				SWIFT_VERSION = 3.0;
			};
			name = Release;
		};
		37F7EC041F416C8200E09ABE /* Debug */ = {
			isa = XCBuildConfiguration;
			buildSettings = {
				ALWAYS_EMBED_SWIFT_STANDARD_LIBRARIES = YES;
				BUNDLE_LOADER = "$(TEST_HOST)";
				INFOPLIST_FILE = tipperTests/Info.plist;
				LD_RUNPATH_SEARCH_PATHS = "$(inherited) @executable_path/Frameworks @loader_path/Frameworks";
				PRODUCT_BUNDLE_IDENTIFIER = "Paul-Sokolik.tipperTests";
				PRODUCT_NAME = "$(TARGET_NAME)";
				SWIFT_VERSION = 3.0;
				TEST_HOST = "$(BUILT_PRODUCTS_DIR)/tipper.app/tipper";
			};
			name = Debug;
		};
		37F7EC051F416C8200E09ABE /* Release */ = {
			isa = XCBuildConfiguration;
			buildSettings = {
				ALWAYS_EMBED_SWIFT_STANDARD_LIBRARIES = YES;
				BUNDLE_LOADER = "$(TEST_HOST)";
				INFOPLIST_FILE = tipperTests/Info.plist;
				LD_RUNPATH_SEARCH_PATHS = "$(inherited) @executable_path/Frameworks @loader_path/Frameworks";
				PRODUCT_BUNDLE_IDENTIFIER = "Paul-Sokolik.tipperTests";
				PRODUCT_NAME = "$(TARGET_NAME)";
				SWIFT_VERSION = 3.0;
				TEST_HOST = "$(BUILT_PRODUCTS_DIR)/tipper.app/tipper";
			};
			name = Release;
		};
		37F7EC071F416C8200E09ABE /* Debug */ = {
			isa = XCBuildConfiguration;
			buildSettings = {
				ALWAYS_EMBED_SWIFT_STANDARD_LIBRARIES = YES;
				INFOPLIST_FILE = tipperUITests/Info.plist;
				LD_RUNPATH_SEARCH_PATHS = "$(inherited) @executable_path/Frameworks @loader_path/Frameworks";
				PRODUCT_BUNDLE_IDENTIFIER = "Paul-Sokolik.tipperUITests";
				PRODUCT_NAME = "$(TARGET_NAME)";
				SWIFT_VERSION = 3.0;
				TEST_TARGET_NAME = tipper;
			};
			name = Debug;
		};
		37F7EC081F416C8200E09ABE /* Release */ = {
			isa = XCBuildConfiguration;
			buildSettings = {
				ALWAYS_EMBED_SWIFT_STANDARD_LIBRARIES = YES;
				INFOPLIST_FILE = tipperUITests/Info.plist;
				LD_RUNPATH_SEARCH_PATHS = "$(inherited) @executable_path/Frameworks @loader_path/Frameworks";
				PRODUCT_BUNDLE_IDENTIFIER = "Paul-Sokolik.tipperUITests";
				PRODUCT_NAME = "$(TARGET_NAME)";
				SWIFT_VERSION = 3.0;
				TEST_TARGET_NAME = tipper;
			};
			name = Release;
		};
/* End XCBuildConfiguration section */

/* Begin XCConfigurationList section */
		37F7EBD31F416C8200E09ABE /* Build configuration list for PBXProject "tipper" */ = {
			isa = XCConfigurationList;
			buildConfigurations = (
				37F7EBFE1F416C8200E09ABE /* Debug */,
				37F7EBFF1F416C8200E09ABE /* Release */,
			);
			defaultConfigurationIsVisible = 0;
			defaultConfigurationName = Release;
		};
		37F7EC001F416C8200E09ABE /* Build configuration list for PBXNativeTarget "tipper" */ = {
			isa = XCConfigurationList;
			buildConfigurations = (
				37F7EC011F416C8200E09ABE /* Debug */,
				37F7EC021F416C8200E09ABE /* Release */,
			);
			defaultConfigurationIsVisible = 0;
			defaultConfigurationName = Release;
		};
		37F7EC031F416C8200E09ABE /* Build configuration list for PBXNativeTarget "tipperTests" */ = {
			isa = XCConfigurationList;
			buildConfigurations = (
				37F7EC041F416C8200E09ABE /* Debug */,
				37F7EC051F416C8200E09ABE /* Release */,
			);
			defaultConfigurationIsVisible = 0;
			defaultConfigurationName = Release;
		};
		37F7EC061F416C8200E09ABE /* Build configuration list for PBXNativeTarget "tipperUITests" */ = {
			isa = XCConfigurationList;
			buildConfigurations = (
				37F7EC071F416C8200E09ABE /* Debug */,
				37F7EC081F416C8200E09ABE /* Release */,
			);
			defaultConfigurationIsVisible = 0;
			defaultConfigurationName = Release;
		};
/* End XCConfigurationList section */
	};
	rootObject = 37F7EBD01F416C8200E09ABE /* Project object */;
}
